{
  "nodes": {
    "anthropics-skills-src": {
      "flake": false,
      "locked": {
        "lastModified": 1779199866,
        "narHash": "sha256-GMXFJSePrpEvhzMQ82YI9Z10BDkuFK/lXUDELclvQ4c=",
        "owner": "anthropics",
        "repo": "skills",
        "rev": "690f15cac7f7b4c055c5ab109c79ed9259934081",
        "type": "github"
      },
      "original": {
        "owner": "anthropics",
        "repo": "skills",
        "type": "github"
      }
    },
    "claffeinate": {
      "inputs": {
        "devshell": "devshell",
        "flake-parts": "flake-parts",
        "nixpkgs": [
          "nixpkgs"
        ],
        "treefmt-nix": "treefmt-nix"
      },
      "locked": {
        "lastModified": 1777295852,
        "narHash": "sha256-OYQaBMqlPCiB8jUijyaPX3b0Hk2M+vUjt2eNC5R5Dcg=",
        "owner": "nhooey",
        "repo": "claffeinate",
        "rev": "7594a321e43bf67a992bd4ad5f4de2bfb4440e03",
        "type": "github"
      },
      "original": {
        "owner": "nhooey",
        "repo": "claffeinate",
        "type": "github"
      }
    },
    "clj-nix": {
      "inputs": {
        "devshell": "devshell_2",
        "nix-fetcher-data": "nix-fetcher-data",
        "nixpkgs": "nixpkgs"
      },
      "locked": {
        "lastModified": 1756722835,
        "narHash": "sha256-LL/8t6Gbi/ULXCUFOMX2towQIkpMticXPnEaXn/X+qg=",
        "owner": "jlesquembre",
        "repo": "clj-nix",
        "rev": "135fb54d8e480e4c8b6707783db3649f78054ac3",
        "type": "github"
      },
      "original": {
        "owner": "jlesquembre",
        "repo": "clj-nix",
        "type": "github"
      }
    },
    "cljfmt": {
      "inputs": {
        "clj-nix": "clj-nix",
        "devshell": "devshell_3",
        "flake-utils": "flake-utils",
        "nixpkgs": [
          "nixpkgs"
        ]
      },
      "locked": {
        "lastModified": 1761236638,
        "narHash": "sha256-EfP3ggxd5H8CQSZxPsVzRL+58xrqgzzHRTL1fsf6Ijw=",
        "owner": "nhooey",
        "repo": "nix-cljfmt",
        "rev": "780f3cedd08d5bfb4291972e181bce15bbaa189d",
        "type": "github"
      },
      "original": {
        "owner": "nhooey",
        "repo": "nix-cljfmt",
        "type": "github"
      }
    },
    "devshell": {
      "inputs": {
        "nixpkgs": [
          "claffeinate",
          "nixpkgs"
        ]
      },
      "locked": {
        "lastModified": 1768818222,
        "narHash": "sha256-460jc0+CZfyaO8+w8JNtlClB2n4ui1RbHfPTLkpwhU8=",
        "owner": "numtide",
        "repo": "devshell",
        "rev": "255a2b1725a20d060f566e4755dbf571bbbb5f76",
        "type": "github"
      },
      "original": {
        "owner": "numtide",
        "repo": "devshell",
        "type": "github"
      }
    },
    "devshell_2": {
      "inputs": {
        "nixpkgs": [
          "cljfmt",
          "clj-nix",
          "nixpkgs"
        ]
      },
      "locked": {
        "lastModified": 1741473158,
        "narHash": "sha256-kWNaq6wQUbUMlPgw8Y+9/9wP0F8SHkjy24/mN3UAppg=",
        "owner": "numtide",
        "repo": "devshell",
        "rev": "7c9e793ebe66bcba8292989a68c0419b737a22a0",
        "type": "github"
      },
      "original": {
        "owner": "numtide",
        "repo": "devshell",
        "type": "github"
      }
    },
    "devshell_3": {
      "inputs": {
        "nixpkgs": "nixpkgs_2"
      },
      "locked": {
        "lastModified": 1741473158,
        "narHash": "sha256-kWNaq6wQUbUMlPgw8Y+9/9wP0F8SHkjy24/mN3UAppg=",
        "owner": "numtide",
        "repo": "devshell",
        "rev": "7c9e793ebe66bcba8292989a68c0419b737a22a0",
        "type": "github"
      },
      "original": {
        "owner": "numtide",
        "repo": "devshell",
        "type": "github"
      }
    },
    "devshell_4": {
      "inputs": {
        "nixpkgs": [
          "skillspkgs",
          "nix-gstack",
          "nixpkgs"
        ]
      },
      "locked": {
        "lastModified": 1768818222,
        "narHash": "sha256-460jc0+CZfyaO8+w8JNtlClB2n4ui1RbHfPTLkpwhU8=",
        "owner": "numtide",
        "repo": "devshell",
        "rev": "255a2b1725a20d060f566e4755dbf571bbbb5f76",
        "type": "github"
      },
      "original": {
        "owner": "numtide",
        "repo": "devshell",
        "type": "github"
      }
    },
    "flake-parts": {
      "inputs": {
        "nixpkgs-lib": [
          "claffeinate",
          "nixpkgs"
        ]
      },
      "locked": {
        "lastModified": 1775087534,
        "narHash": "sha256-91qqW8lhL7TLwgQWijoGBbiD4t7/q75KTi8NxjVmSmA=",
        "owner": "hercules-ci",
        "repo": "flake-parts",
        "rev": "3107b77cd68437b9a76194f0f7f9c55f2329ca5b",
        "type": "github"
      },
      "original": {
        "owner": "hercules-ci",
        "repo": "flake-parts",
        "type": "github"
      }
    },
    "flake-parts_2": {
      "inputs": {
        "nixpkgs-lib": "nixpkgs-lib"
      },
      "locked": {
        "lastModified": 1719745305,
        "narHash": "sha256-xwgjVUpqSviudEkpQnioeez1Uo2wzrsMaJKJClh+Bls=",
        "owner": "hercules-ci",
        "repo": "flake-parts",
        "rev": "c3c5ecc05edc7dafba779c6c1a61cd08ac6583e9",
        "type": "github"
      },
      "original": {
        "owner": "hercules-ci",
        "repo": "flake-parts",
        "type": "github"
      }
    },
    "flake-parts_3": {
      "inputs": {
        "nixpkgs-lib": [
          "skillspkgs",
          "nix-gstack",
          "nixpkgs"
        ]
      },
      "locked": {
        "lastModified": 1775087534,
        "narHash": "sha256-91qqW8lhL7TLwgQWijoGBbiD4t7/q75KTi8NxjVmSmA=",
        "owner": "hercules-ci",
        "repo": "flake-parts",
        "rev": "3107b77cd68437b9a76194f0f7f9c55f2329ca5b",
        "type": "github"
      },
      "original": {
        "owner": "hercules-ci",
        "repo": "flake-parts",
        "type": "github"
      }
    },
    "flake-skills": {
      "inputs": {
        "nixpkgs": [
          "nixpkgs"
        ]
      },
      "locked": {
        "lastModified": 1779074772,
        "narHash": "sha256-RjWCuFLVqflinTLxB118PWYk7yWJ0i3WhVEKhYT7XbI=",
        "owner": "nhooey",
        "repo": "flake-skills",
        "rev": "b494d2fa0aa2c31a4dc22a923529d72916373528",
        "type": "github"
      },
      "original": {
        "owner": "nhooey",
        "repo": "flake-skills",
        "type": "github"
      }
    },
    "flake-skills_2": {
      "inputs": {
        "nixpkgs": [
          "skillspkgs",
          "nixpkgs"
        ]
      },
      "locked": {
        "lastModified": 1779286789,
        "narHash": "sha256-fZet5n1mTOTR9L2dOX088jrhrOfBVdulZkMb0YvygO4=",
        "owner": "nhooey",
        "repo": "flake-skills",
        "rev": "4d425104d763f1893a906dfbb4e86daab1c941ec",
        "type": "github"
      },
      "original": {
        "owner": "nhooey",
        "repo": "flake-skills",
        "type": "github"
      }
    },
    "flake-skills_3": {
      "inputs": {
        "nixpkgs": [
          "skillspkgs",
          "skills-git",
          "nixpkgs"
        ]
      },
      "locked": {
        "lastModified": 1779286789,
        "narHash": "sha256-fZet5n1mTOTR9L2dOX088jrhrOfBVdulZkMb0YvygO4=",
        "owner": "nhooey",
        "repo": "flake-skills",
        "rev": "4d425104d763f1893a906dfbb4e86daab1c941ec",
        "type": "github"
      },
      "original": {
        "owner": "nhooey",
        "repo": "flake-skills",
        "type": "github"
      }
    },
    "flake-skills_4": {
      "inputs": {
        "nixpkgs": [
          "skillspkgs",
          "skills-nix",
          "nixpkgs"
        ]
      },
      "locked": {
        "lastModified": 1779286789,
        "narHash": "sha256-fZet5n1mTOTR9L2dOX088jrhrOfBVdulZkMb0YvygO4=",
        "owner": "nhooey",
        "repo": "flake-skills",
        "rev": "4d425104d763f1893a906dfbb4e86daab1c941ec",
        "type": "github"
      },
      "original": {
        "owner": "nhooey",
        "repo": "flake-skills",
        "type": "github"
      }
    },
    "flake-utils": {
      "inputs": {
        "systems": "systems"
      },
      "locked": {
        "lastModified": 1731533236,
        "narHash": "sha256-l0KFg5HjrsfsO/JpG+r7fRrqm12kzFHyUHqHCVpMMbI=",
        "owner": "numtide",
        "repo": "flake-utils",
        "rev": "11707dc2f618dd54ca8739b309ec4fc024de578b",
        "type": "github"
      },
      "original": {
        "owner": "numtide",
        "repo": "flake-utils",
        "type": "github"
      }
    },
    "flake-utils_2": {
      "inputs": {
        "systems": "systems_2"
      },
      "locked": {
        "lastModified": 1731533236,
        "narHash": "sha256-l0KFg5HjrsfsO/JpG+r7fRrqm12kzFHyUHqHCVpMMbI=",
        "owner": "numtide",
        "repo": "flake-utils",
        "rev": "11707dc2f618dd54ca8739b309ec4fc024de578b",
        "type": "github"
      },
      "original": {
        "owner": "numtide",
        "repo": "flake-utils",
        "type": "github"
      }
    },
    "flake-utils_3": {
      "inputs": {
        "systems": "systems_3"
      },
      "locked": {
        "lastModified": 1731533236,
        "narHash": "sha256-l0KFg5HjrsfsO/JpG+r7fRrqm12kzFHyUHqHCVpMMbI=",
        "owner": "numtide",
        "repo": "flake-utils",
        "rev": "11707dc2f618dd54ca8739b309ec4fc024de578b",
        "type": "github"
      },
      "original": {
        "owner": "numtide",
        "repo": "flake-utils",
        "type": "github"
      }
    },
    "gradle2nix": {
      "inputs": {
        "flake-utils": "flake-utils_2",
        "nixpkgs": [
          "nixpkgs"
        ]
      },
      "locked": {
        "lastModified": 1778645406,
        "narHash": "sha256-k2A/fFLD944j+tlGRYavv4nfvFXdkZPlVT7zJa57J64=",
        "owner": "nhooey",
        "repo": "gradle2nix",
        "rev": "d5d27731c762540a0a2e3abc9c9b958b81b5e54d",
        "type": "github"
      },
      "original": {
        "owner": "nhooey",
        "ref": "v2_bugfix-remove-param-console-plain",
        "repo": "gradle2nix",
        "type": "github"
      }
    },
    "humanizer-src": {
      "flake": false,
      "locked": {
        "lastModified": 1775020197,
        "narHash": "sha256-3yO13MKUK/zF36Sq+CACMM401BhtmYz5cZmC5FX4VQw=",
        "owner": "blader",
        "repo": "humanizer",
        "rev": "8b3a17889fbf12bedae20974a3c9f9de746ed754",
        "type": "github"
      },
      "original": {
        "owner": "blader",
        "repo": "humanizer",
        "type": "github"
      }
    },
    "nix-fetcher-data": {
      "inputs": {
        "flake-parts": "flake-parts_2",
        "nixpkgs": [
          "cljfmt",
          "clj-nix",
          "nixpkgs"
        ]
      },
      "locked": {
        "lastModified": 1728229178,
        "narHash": "sha256-p5Fx880uBYstIsbaDYN7sECJT11oHxZQKtHgMAVblWA=",
        "owner": "jlesquembre",
        "repo": "nix-fetcher-data",
        "rev": "f3a73c34d28db49ef90fd7872a142bfe93120e55",
        "type": "github"
      },
      "original": {
        "owner": "jlesquembre",
        "repo": "nix-fetcher-data",
        "type": "github"
      }
    },
    "nix-gstack": {
      "inputs": {
        "devshell": "devshell_4",
        "flake-parts": "flake-parts_3",
        "nixpkgs": [
          "skillspkgs",
          "nixpkgs"
        ],
        "systems": "systems_4",
        "treefmt-nix": "treefmt-nix_2"
      },
      "locked": {
        "lastModified": 1779252681,
        "narHash": "sha256-KpLGBeC0SPw46Qit1GKJxoTCdhZoACU60c6ZGyrHGgQ=",
        "owner": "nhooey",
        "repo": "nix-gstack",
        "rev": "a47bd25b624e17c0434b0aeb487ba29deda3f42b",
        "type": "github"
      },
      "original": {
        "owner": "nhooey",
        "repo": "nix-gstack",
        "type": "github"
      }
    },
    "nixpkgs": {
      "locked": {
        "lastModified": 1749285348,
        "narHash": "sha256-frdhQvPbmDYaScPFiCnfdh3B/Vh81Uuoo0w5TkWmmjU=",
        "owner": "NixOS",
        "repo": "nixpkgs",
        "rev": "3e3afe5174c561dee0df6f2c2b2236990146329f",
        "type": "github"
      },
      "original": {
        "owner": "NixOS",
        "ref": "nixos-unstable",
        "repo": "nixpkgs",
        "type": "github"
      }
    },
    "nixpkgs-lib": {
      "locked": {
        "lastModified": 1717284937,
        "narHash": "sha256-lIbdfCsf8LMFloheeE6N31+BMIeixqyQWbSr2vk79EQ=",
        "type": "tarball",
        "url": "https://github.com/NixOS/nixpkgs/archive/eb9ceca17df2ea50a250b6b27f7bf6ab0186f198.tar.gz"
      },
      "original": {
        "type": "tarball",
        "url": "https://github.com/NixOS/nixpkgs/archive/eb9ceca17df2ea50a250b6b27f7bf6ab0186f198.tar.gz"
      }
    },
    "nixpkgs_2": {
      "locked": {
        "lastModified": 1722073938,
        "narHash": "sha256-OpX0StkL8vpXyWOGUD6G+MA26wAXK6SpT94kLJXo6B4=",
        "owner": "NixOS",
        "repo": "nixpkgs",
        "rev": "e36e9f57337d0ff0cf77aceb58af4c805472bfae",
        "type": "github"
      },
      "original": {
        "owner": "NixOS",
        "ref": "nixpkgs-unstable",
        "repo": "nixpkgs",
        "type": "github"
      }
    },
    "nixpkgs_3": {
      "locked": {
        "lastModified": 1778869304,
        "narHash": "sha256-30sZNZoA1cqF5JNO9fVX+wgiQYjB7HJqqJ4ztCDeBZE=",
        "owner": "NixOS",
        "repo": "nixpkgs",
        "rev": "d233902339c02a9c334e7e593de68855ad26c4cb",
        "type": "github"
      },
      "original": {
        "owner": "NixOS",
        "ref": "nixos-unstable",
        "repo": "nixpkgs",
        "type": "github"
      }
    },
    "root": {
      "inputs": {
        "claffeinate": "claffeinate",
        "cljfmt": "cljfmt",
        "flake-skills": "flake-skills",
        "gradle2nix": "gradle2nix",
        "nixpkgs": "nixpkgs_3",
        "skillspkgs": "skillspkgs"
      }
    },
    "skills-git": {
      "inputs": {
        "flake-skills": "flake-skills_3",
        "nixpkgs": [
          "skillspkgs",
          "nixpkgs"
        ]
      },
      "locked": {
        "lastModified": 1779287821,
        "narHash": "sha256-zqYPgvkR2EOH1f70gSJfHl8VQoTMU3aTMsoSy+GELYU=",
        "owner": "nhooey",
        "repo": "skills-git",
        "rev": "3bceebaf41f051379bdc0822635a1fd2e95f75ae",
        "type": "github"
      },
      "original": {
        "owner": "nhooey",
        "repo": "skills-git",
        "type": "github"
      }
    },
    "skills-nix": {
      "inputs": {
        "flake-skills": "flake-skills_4",
        "nixpkgs": [
          "skillspkgs",
          "nixpkgs"
        ]
      },
      "locked": {
        "lastModified": 1779295308,
        "narHash": "sha256-WdnOhpglQtPbczv/I6r5ilArTZ6fgLA8AijtY2FmU6I=",
        "owner": "nhooey",
        "repo": "skills-nix",
        "rev": "2602e6e9f5e58c684edc58d48ec73d10b31b522f",
        "type": "github"
      },
      "original": {
        "owner": "nhooey",
        "repo": "skills-nix",
        "type": "github"
      }
    },
    "skillspkgs": {
      "inputs": {
        "anthropics-skills-src": "anthropics-skills-src",
        "flake-skills": "flake-skills_2",
        "flake-utils": "flake-utils_3",
        "humanizer-src": "humanizer-src",
        "nix-gstack": "nix-gstack",
        "nixpkgs": [
          "nixpkgs"
        ],
        "skills-git": "skills-git",
        "skills-nix": "skills-nix"
      },
      "locked": {
        "lastModified": 1779295536,
        "narHash": "sha256-gv3S72S2Qa/fDa/nuGH0e3xXDXUOFoS5/fEJt7EHID8=",
        "owner": "nhooey",
        "repo": "skillspkgs",
        "rev": "e51c4dd231ced384adc9e5678b6f504e913122f5",
        "type": "github"
      },
      "original": {
        "owner": "nhooey",
        "repo": "skillspkgs",
        "type": "github"
      }
    },
    "systems": {
      "locked": {
        "lastModified": 1681028828,
        "narHash": "sha256-Vy1rq5AaRuLzOxct8nz4T6wlgyUR7zLU309k9mBC768=",
        "owner": "nix-systems",
        "repo": "default",
        "rev": "da67096a3b9bf56a91d16901293e51ba5b49a27e",
        "type": "github"
      },
      "original": {
        "owner": "nix-systems",
        "repo": "default",
        "type": "github"
      }
    },
    "systems_2": {
      "locked": {
        "lastModified": 1681028828,
        "narHash": "sha256-Vy1rq5AaRuLzOxct8nz4T6wlgyUR7zLU309k9mBC768=",
        "owner": "nix-systems",
        "repo": "default",
        "rev": "da67096a3b9bf56a91d16901293e51ba5b49a27e",
        "type": "github"
      },
      "original": {
        "owner": "nix-systems",
        "repo": "default",
        "type": "github"
      }
    },
    "systems_3": {
      "locked": {
        "lastModified": 1681028828,
        "narHash": "sha256-Vy1rq5AaRuLzOxct8nz4T6wlgyUR7zLU309k9mBC768=",
        "owner": "nix-systems",
        "repo": "default",
        "rev": "da67096a3b9bf56a91d16901293e51ba5b49a27e",
        "type": "github"
      },
      "original": {
        "owner": "nix-systems",
        "repo": "default",
        "type": "github"
      }
    },
    "systems_4": {
      "locked": {
        "lastModified": 1681028828,
        "narHash": "sha256-Vy1rq5AaRuLzOxct8nz4T6wlgyUR7zLU309k9mBC768=",
        "owner": "nix-systems",
        "repo": "default",
        "rev": "da67096a3b9bf56a91d16901293e51ba5b49a27e",
        "type": "github"
      },
      "original": {
        "owner": "nix-systems",
        "repo": "default",
        "type": "github"
      }
    },
    "treefmt-nix": {
      "inputs": {
        "nixpkgs": [
          "claffeinate",
          "nixpkgs"
        ]
      },
      "locked": {
        "lastModified": 1775636079,
        "narHash": "sha256-pc20NRoMdiar8oPQceQT47UUZMBTiMdUuWrYu2obUP0=",
        "owner": "numtide",
        "repo": "treefmt-nix",
        "rev": "790751ff7fd3801feeaf96d7dc416a8d581265ba",
        "type": "github"
      },
      "original": {
        "owner": "numtide",
        "repo": "treefmt-nix",
        "type": "github"
      }
    },
    "treefmt-nix_2": {
      "inputs": {
        "nixpkgs": [
          "skillspkgs",
          "nix-gstack",
          "nixpkgs"
        ]
      },
      "locked": {
        "lastModified": 1775636079,
        "narHash": "sha256-pc20NRoMdiar8oPQceQT47UUZMBTiMdUuWrYu2obUP0=",
        "owner": "numtide",
        "repo": "treefmt-nix",
        "rev": "790751ff7fd3801feeaf96d7dc416a8d581265ba",
        "type": "github"
      },
      "original": {
        "owner": "numtide",
        "repo": "treefmt-nix",
        "type": "github"
      }
    }
  },
  "root": "root",
  "version": 7
}
