{
  "nodes": {
    "claffeinate": {
      "inputs": {
        "devshell": "devshell",
        "flake-parts": "flake-parts",
        "nixpkgs": [
          "nixpkgs"
        ],
        "treefmt-nix": "treefmt-nix"
      },
      "locked": {
        "lastModified": 1777255391,
        "narHash": "sha256-wb1S1yg5I9Lb/5ZlfRXcgVU9E09KAhFxL1G5MImkY2o=",
        "owner": "nhooey",
        "repo": "claffeinate",
        "rev": "c436b2b851d5a68afe98a01cd935846b8efc2904",
        "type": "github"
      },
      "original": {
        "owner": "nhooey",
        "repo": "claffeinate",
        "type": "github"
      }
    },
    "devshell": {
      "inputs": {
        "nixpkgs": [
          "claffeinate",
          "nixpkgs"
        ]
      },
      "locked": {
        "lastModified": 1768818222,
        "narHash": "sha256-460jc0+CZfyaO8+w8JNtlClB2n4ui1RbHfPTLkpwhU8=",
        "owner": "numtide",
        "repo": "devshell",
        "rev": "255a2b1725a20d060f566e4755dbf571bbbb5f76",
        "type": "github"
      },
      "original": {
        "owner": "numtide",
        "repo": "devshell",
        "type": "github"
      }
    },
    "devshell_2": {
      "inputs": {
        "nixpkgs": [
          "nix-gstack",
          "nixpkgs"
        ]
      },
      "locked": {
        "lastModified": 1768818222,
        "narHash": "sha256-460jc0+CZfyaO8+w8JNtlClB2n4ui1RbHfPTLkpwhU8=",
        "owner": "numtide",
        "repo": "devshell",
        "rev": "255a2b1725a20d060f566e4755dbf571bbbb5f76",
        "type": "github"
      },
      "original": {
        "owner": "numtide",
        "repo": "devshell",
        "type": "github"
      }
    },
    "flake-parts": {
      "inputs": {
        "nixpkgs-lib": [
          "claffeinate",
          "nixpkgs"
        ]
      },
      "locked": {
        "lastModified": 1775087534,
        "narHash": "sha256-91qqW8lhL7TLwgQWijoGBbiD4t7/q75KTi8NxjVmSmA=",
        "owner": "hercules-ci",
        "repo": "flake-parts",
        "rev": "3107b77cd68437b9a76194f0f7f9c55f2329ca5b",
        "type": "github"
      },
      "original": {
        "owner": "hercules-ci",
        "repo": "flake-parts",
        "type": "github"
      }
    },
    "flake-parts_2": {
      "inputs": {
        "nixpkgs-lib": [
          "nix-gstack",
          "nixpkgs"
        ]
      },
      "locked": {
        "lastModified": 1775087534,
        "narHash": "sha256-91qqW8lhL7TLwgQWijoGBbiD4t7/q75KTi8NxjVmSmA=",
        "owner": "hercules-ci",
        "repo": "flake-parts",
        "rev": "3107b77cd68437b9a76194f0f7f9c55f2329ca5b",
        "type": "github"
      },
      "original": {
        "owner": "hercules-ci",
        "repo": "flake-parts",
        "type": "github"
      }
    },
    "flake-skills": {
      "inputs": {
        "nixpkgs": [
          "skills-git",
          "nixpkgs"
        ]
      },
      "locked": {
        "lastModified": 1777236675,
        "narHash": "sha256-z9ujFomZNhPfVCy0UTGz7H4424H5FOg7bkG/uaENQsU=",
        "owner": "nhooey",
        "repo": "flake-skills",
        "rev": "71a239972a5098e4c6d42edb64ded47692549fea",
        "type": "github"
      },
      "original": {
        "owner": "nhooey",
        "repo": "flake-skills",
        "type": "github"
      }
    },
    "flake-skills_2": {
      "inputs": {
        "nixpkgs": [
          "skills-nix",
          "nixpkgs"
        ]
      },
      "locked": {
        "lastModified": 1777236675,
        "narHash": "sha256-z9ujFomZNhPfVCy0UTGz7H4424H5FOg7bkG/uaENQsU=",
        "owner": "nhooey",
        "repo": "flake-skills",
        "rev": "71a239972a5098e4c6d42edb64ded47692549fea",
        "type": "github"
      },
      "original": {
        "owner": "nhooey",
        "repo": "flake-skills",
        "type": "github"
      }
    },
    "flake-utils": {
      "inputs": {
        "systems": "systems"
      },
      "locked": {
        "lastModified": 1731533236,
        "narHash": "sha256-l0KFg5HjrsfsO/JpG+r7fRrqm12kzFHyUHqHCVpMMbI=",
        "owner": "numtide",
        "repo": "flake-utils",
        "rev": "11707dc2f618dd54ca8739b309ec4fc024de578b",
        "type": "github"
      },
      "original": {
        "owner": "numtide",
        "repo": "flake-utils",
        "type": "github"
      }
    },
    "gradle2nix": {
      "inputs": {
        "flake-utils": "flake-utils",
        "nixpkgs": [
          "nixpkgs"
        ]
      },
      "locked": {
        "lastModified": 1753709302,
        "narHash": "sha256-7P8cAq3T1CuXTo9fE6Jdd87zM6P9EA6LvNPxCqjhbqI=",
        "owner": "nhooey",
        "repo": "gradle2nix",
        "rev": "8aecbf37a307a175ba3039ce72229159876d462a",
        "type": "github"
      },
      "original": {
        "owner": "nhooey",
        "ref": "v2_bugfix-remove-param-console-plain",
        "repo": "gradle2nix",
        "type": "github"
      }
    },
    "nix-gstack": {
      "inputs": {
        "devshell": "devshell_2",
        "flake-parts": "flake-parts_2",
        "nixpkgs": [
          "nixpkgs"
        ],
        "systems": "systems_2",
        "treefmt-nix": "treefmt-nix_2"
      },
      "locked": {
        "lastModified": 1777310302,
        "narHash": "sha256-GDvOTG3TrkQVmNYo4HMYgJErdbOcGAn423ohJO9Lym4=",
        "owner": "nhooey",
        "repo": "nix-gstack",
        "rev": "33d5dc2b4a05fd4a959f7b916590c6aba2083783",
        "type": "github"
      },
      "original": {
        "owner": "nhooey",
        "repo": "nix-gstack",
        "type": "github"
      }
    },
    "nixpkgs": {
      "locked": {
        "lastModified": 1776877367,
        "narHash": "sha256-EHq1/OX139R1RvBzOJ0aMRT3xnWyqtHBRUBuO1gFzjI=",
        "owner": "NixOS",
        "repo": "nixpkgs",
        "rev": "0726a0ecb6d4e08f6adced58726b95db924cef57",
        "type": "github"
      },
      "original": {
        "owner": "NixOS",
        "ref": "nixos-unstable",
        "repo": "nixpkgs",
        "type": "github"
      }
    },
    "root": {
      "inputs": {
        "claffeinate": "claffeinate",
        "gradle2nix": "gradle2nix",
        "nix-gstack": "nix-gstack",
        "nixpkgs": "nixpkgs",
        "skills-git": "skills-git",
        "skills-nix": "skills-nix"
      }
    },
    "skills-git": {
      "inputs": {
        "flake-skills": "flake-skills",
        "nixpkgs": [
          "nixpkgs"
        ]
      },
      "locked": {
        "lastModified": 1777236691,
        "narHash": "sha256-30gxYm1G04z+AophHz3lPVAGoqs2oIUFEUExfbtyI1E=",
        "owner": "nhooey",
        "repo": "skills-git",
        "rev": "c70e056f8ce9e5e117da3bea4fab7567e068a715",
        "type": "github"
      },
      "original": {
        "owner": "nhooey",
        "repo": "skills-git",
        "type": "github"
      }
    },
    "skills-nix": {
      "inputs": {
        "flake-skills": "flake-skills_2",
        "nixpkgs": [
          "nixpkgs"
        ]
      },
      "locked": {
        "lastModified": 1777236705,
        "narHash": "sha256-TVIRDKxSSZCoM2bFio2MqaPnNQ+UBGIlvrMfrxOcbpE=",
        "owner": "nhooey",
        "repo": "skills-nix",
        "rev": "80c6d17882989cfdb8c25337af956d48fb292d06",
        "type": "github"
      },
      "original": {
        "owner": "nhooey",
        "repo": "skills-nix",
        "type": "github"
      }
    },
    "systems": {
      "locked": {
        "lastModified": 1681028828,
        "narHash": "sha256-Vy1rq5AaRuLzOxct8nz4T6wlgyUR7zLU309k9mBC768=",
        "owner": "nix-systems",
        "repo": "default",
        "rev": "da67096a3b9bf56a91d16901293e51ba5b49a27e",
        "type": "github"
      },
      "original": {
        "owner": "nix-systems",
        "repo": "default",
        "type": "github"
      }
    },
    "systems_2": {
      "locked": {
        "lastModified": 1681028828,
        "narHash": "sha256-Vy1rq5AaRuLzOxct8nz4T6wlgyUR7zLU309k9mBC768=",
        "owner": "nix-systems",
        "repo": "default",
        "rev": "da67096a3b9bf56a91d16901293e51ba5b49a27e",
        "type": "github"
      },
      "original": {
        "owner": "nix-systems",
        "repo": "default",
        "type": "github"
      }
    },
    "treefmt-nix": {
      "inputs": {
        "nixpkgs": [
          "claffeinate",
          "nixpkgs"
        ]
      },
      "locked": {
        "lastModified": 1775636079,
        "narHash": "sha256-pc20NRoMdiar8oPQceQT47UUZMBTiMdUuWrYu2obUP0=",
        "owner": "numtide",
        "repo": "treefmt-nix",
        "rev": "790751ff7fd3801feeaf96d7dc416a8d581265ba",
        "type": "github"
      },
      "original": {
        "owner": "numtide",
        "repo": "treefmt-nix",
        "type": "github"
      }
    },
    "treefmt-nix_2": {
      "inputs": {
        "nixpkgs": [
          "nix-gstack",
          "nixpkgs"
        ]
      },
      "locked": {
        "lastModified": 1775636079,
        "narHash": "sha256-pc20NRoMdiar8oPQceQT47UUZMBTiMdUuWrYu2obUP0=",
        "owner": "numtide",
        "repo": "treefmt-nix",
        "rev": "790751ff7fd3801feeaf96d7dc416a8d581265ba",
        "type": "github"
      },
      "original": {
        "owner": "numtide",
        "repo": "treefmt-nix",
        "type": "github"
      }
    }
  },
  "root": "root",
  "version": 7
}
