{
  "nodes": {
    "anthropics-skills-src": {
      "flake": false,
      "locked": {
        "lastModified": 1779199866,
        "narHash": "sha256-GMXFJSePrpEvhzMQ82YI9Z10BDkuFK/lXUDELclvQ4c=",
        "owner": "anthropics",
        "repo": "skills",
        "rev": "690f15cac7f7b4c055c5ab109c79ed9259934081",
        "type": "github"
      },
      "original": {
        "owner": "anthropics",
        "repo": "skills",
        "type": "github"
      }
    },
    "anthropics-skills-src_2": {
      "flake": false,
      "locked": {
        "lastModified": 1779199866,
        "narHash": "sha256-GMXFJSePrpEvhzMQ82YI9Z10BDkuFK/lXUDELclvQ4c=",
        "owner": "anthropics",
        "repo": "skills",
        "rev": "690f15cac7f7b4c055c5ab109c79ed9259934081",
        "type": "github"
      },
      "original": {
        "owner": "anthropics",
        "repo": "skills",
        "type": "github"
      }
    },
    "claffeinate": {
      "inputs": {
        "devshell": "devshell",
        "flake-parts": "flake-parts",
        "nixpkgs": [
          "nixpkgs"
        ],
        "treefmt-nix": "treefmt-nix"
      },
      "locked": {
        "lastModified": 1779376688,
        "narHash": "sha256-X3f+CH3W6SXxN60NI6/DpY+YUld8UL5CnmVNWia2GNc=",
        "owner": "nhooey",
        "repo": "claffeinate",
        "rev": "0a1b20d173040a064e2c8460e822f6513eda3849",
        "type": "github"
      },
      "original": {
        "owner": "nhooey",
        "repo": "claffeinate",
        "type": "github"
      }
    },
    "claude-in-nix-devshell": {
      "inputs": {
        "devshell": "devshell_2",
        "flake-parts": "flake-parts_2",
        "nixpkgs": [
          "nixpkgs"
        ],
        "systems": "systems",
        "treefmt-nix": "treefmt-nix_2"
      },
      "locked": {
        "lastModified": 1779967145,
        "narHash": "sha256-bBvrleglqFr5Gst1/Bq+jOLPRHLvmmCVh3yxxNKqKKE=",
        "owner": "nhooey",
        "repo": "claude-in-nix-devshell",
        "rev": "7446f8c82ac062e2c0a26fdca4b85d17fc09f247",
        "type": "github"
      },
      "original": {
        "owner": "nhooey",
        "repo": "claude-in-nix-devshell",
        "type": "github"
      }
    },
    "clj-nix": {
      "inputs": {
        "devshell": "devshell_3",
        "nix-fetcher-data": "nix-fetcher-data",
        "nixpkgs": "nixpkgs"
      },
      "locked": {
        "lastModified": 1756722835,
        "narHash": "sha256-LL/8t6Gbi/ULXCUFOMX2towQIkpMticXPnEaXn/X+qg=",
        "owner": "jlesquembre",
        "repo": "clj-nix",
        "rev": "135fb54d8e480e4c8b6707783db3649f78054ac3",
        "type": "github"
      },
      "original": {
        "owner": "jlesquembre",
        "repo": "clj-nix",
        "type": "github"
      }
    },
    "cljfmt": {
      "inputs": {
        "clj-nix": "clj-nix",
        "devshell": "devshell_4",
        "flake-utils": "flake-utils",
        "nixpkgs": [
          "nixpkgs"
        ]
      },
      "locked": {
        "lastModified": 1779354923,
        "narHash": "sha256-Pr5DwFCebEh0uw18GvX/msalzuGXxSekBEWOk1fCTXw=",
        "owner": "nhooey",
        "repo": "nix-cljfmt",
        "rev": "5bb1f277dfa20e83ca2ea6a1f239c5566ab0d248",
        "type": "github"
      },
      "original": {
        "owner": "nhooey",
        "repo": "nix-cljfmt",
        "type": "github"
      }
    },
    "coding-agent-skills": {
      "inputs": {
        "flake-skills": [
          "skillspkgs",
          "flake-skills"
        ],
        "nixpkgs": [
          "skillspkgs",
          "nixpkgs"
        ]
      },
      "locked": {
        "lastModified": 1779958706,
        "narHash": "sha256-CvOrDTaRFQ1Dn4xHSqKfYUZOrQTaGS0vFm2Rh5M/0hI=",
        "owner": "nhooey",
        "repo": "coding-agent-skills",
        "rev": "905af46e0a651878e35f1761ac52b5d0887d62b5",
        "type": "github"
      },
      "original": {
        "owner": "nhooey",
        "repo": "coding-agent-skills",
        "type": "github"
      }
    },
    "devshell": {
      "inputs": {
        "nixpkgs": [
          "claffeinate",
          "nixpkgs"
        ]
      },
      "locked": {
        "lastModified": 1768818222,
        "narHash": "sha256-460jc0+CZfyaO8+w8JNtlClB2n4ui1RbHfPTLkpwhU8=",
        "owner": "numtide",
        "repo": "devshell",
        "rev": "255a2b1725a20d060f566e4755dbf571bbbb5f76",
        "type": "github"
      },
      "original": {
        "owner": "numtide",
        "repo": "devshell",
        "type": "github"
      }
    },
    "devshell_2": {
      "inputs": {
        "nixpkgs": [
          "claude-in-nix-devshell",
          "nixpkgs"
        ]
      },
      "locked": {
        "lastModified": 1768818222,
        "narHash": "sha256-460jc0+CZfyaO8+w8JNtlClB2n4ui1RbHfPTLkpwhU8=",
        "owner": "numtide",
        "repo": "devshell",
        "rev": "255a2b1725a20d060f566e4755dbf571bbbb5f76",
        "type": "github"
      },
      "original": {
        "owner": "numtide",
        "repo": "devshell",
        "type": "github"
      }
    },
    "devshell_3": {
      "inputs": {
        "nixpkgs": [
          "cljfmt",
          "clj-nix",
          "nixpkgs"
        ]
      },
      "locked": {
        "lastModified": 1741473158,
        "narHash": "sha256-kWNaq6wQUbUMlPgw8Y+9/9wP0F8SHkjy24/mN3UAppg=",
        "owner": "numtide",
        "repo": "devshell",
        "rev": "7c9e793ebe66bcba8292989a68c0419b737a22a0",
        "type": "github"
      },
      "original": {
        "owner": "numtide",
        "repo": "devshell",
        "type": "github"
      }
    },
    "devshell_4": {
      "inputs": {
        "nixpkgs": "nixpkgs_2"
      },
      "locked": {
        "lastModified": 1741473158,
        "narHash": "sha256-kWNaq6wQUbUMlPgw8Y+9/9wP0F8SHkjy24/mN3UAppg=",
        "owner": "numtide",
        "repo": "devshell",
        "rev": "7c9e793ebe66bcba8292989a68c0419b737a22a0",
        "type": "github"
      },
      "original": {
        "owner": "numtide",
        "repo": "devshell",
        "type": "github"
      }
    },
    "devshell_5": {
      "inputs": {
        "nixpkgs": [
          "nixpkgs"
        ]
      },
      "locked": {
        "lastModified": 1768818222,
        "narHash": "sha256-460jc0+CZfyaO8+w8JNtlClB2n4ui1RbHfPTLkpwhU8=",
        "owner": "numtide",
        "repo": "devshell",
        "rev": "255a2b1725a20d060f566e4755dbf571bbbb5f76",
        "type": "github"
      },
      "original": {
        "owner": "numtide",
        "repo": "devshell",
        "type": "github"
      }
    },
    "devshell_6": {
      "inputs": {
        "nixpkgs": [
          "flake-skills",
          "nixpkgs"
        ]
      },
      "locked": {
        "lastModified": 1768818222,
        "narHash": "sha256-460jc0+CZfyaO8+w8JNtlClB2n4ui1RbHfPTLkpwhU8=",
        "owner": "numtide",
        "repo": "devshell",
        "rev": "255a2b1725a20d060f566e4755dbf571bbbb5f76",
        "type": "github"
      },
      "original": {
        "owner": "numtide",
        "repo": "devshell",
        "type": "github"
      }
    },
    "devshell_7": {
      "inputs": {
        "nixpkgs": [
          "skillspkgs",
          "nixpkgs"
        ]
      },
      "locked": {
        "lastModified": 1768818222,
        "narHash": "sha256-460jc0+CZfyaO8+w8JNtlClB2n4ui1RbHfPTLkpwhU8=",
        "owner": "numtide",
        "repo": "devshell",
        "rev": "255a2b1725a20d060f566e4755dbf571bbbb5f76",
        "type": "github"
      },
      "original": {
        "owner": "numtide",
        "repo": "devshell",
        "type": "github"
      }
    },
    "devshell_8": {
      "inputs": {
        "nixpkgs": [
          "skillspkgs",
          "nix-gstack",
          "nixpkgs"
        ]
      },
      "locked": {
        "lastModified": 1768818222,
        "narHash": "sha256-460jc0+CZfyaO8+w8JNtlClB2n4ui1RbHfPTLkpwhU8=",
        "owner": "numtide",
        "repo": "devshell",
        "rev": "255a2b1725a20d060f566e4755dbf571bbbb5f76",
        "type": "github"
      },
      "original": {
        "owner": "numtide",
        "repo": "devshell",
        "type": "github"
      }
    },
    "devshell_9": {
      "inputs": {
        "nixpkgs": [
          "skillspkgs",
          "skills-git",
          "nixpkgs"
        ]
      },
      "locked": {
        "lastModified": 1768818222,
        "narHash": "sha256-460jc0+CZfyaO8+w8JNtlClB2n4ui1RbHfPTLkpwhU8=",
        "owner": "numtide",
        "repo": "devshell",
        "rev": "255a2b1725a20d060f566e4755dbf571bbbb5f76",
        "type": "github"
      },
      "original": {
        "owner": "numtide",
        "repo": "devshell",
        "type": "github"
      }
    },
    "flake-parts": {
      "inputs": {
        "nixpkgs-lib": [
          "claffeinate",
          "nixpkgs"
        ]
      },
      "locked": {
        "lastModified": 1775087534,
        "narHash": "sha256-91qqW8lhL7TLwgQWijoGBbiD4t7/q75KTi8NxjVmSmA=",
        "owner": "hercules-ci",
        "repo": "flake-parts",
        "rev": "3107b77cd68437b9a76194f0f7f9c55f2329ca5b",
        "type": "github"
      },
      "original": {
        "owner": "hercules-ci",
        "repo": "flake-parts",
        "type": "github"
      }
    },
    "flake-parts_2": {
      "inputs": {
        "nixpkgs-lib": [
          "claude-in-nix-devshell",
          "nixpkgs"
        ]
      },
      "locked": {
        "lastModified": 1778716662,
        "narHash": "sha256-m1Yf0wZ8j1OHjTc2UwHwyQRSnNeSgLJOd7q5Y45hzi4=",
        "owner": "hercules-ci",
        "repo": "flake-parts",
        "rev": "f7c1a2d347e4c52d5fb8d10cb4d94b5884e546fb",
        "type": "github"
      },
      "original": {
        "owner": "hercules-ci",
        "repo": "flake-parts",
        "type": "github"
      }
    },
    "flake-parts_3": {
      "inputs": {
        "nixpkgs-lib": "nixpkgs-lib"
      },
      "locked": {
        "lastModified": 1719745305,
        "narHash": "sha256-xwgjVUpqSviudEkpQnioeez1Uo2wzrsMaJKJClh+Bls=",
        "owner": "hercules-ci",
        "repo": "flake-parts",
        "rev": "c3c5ecc05edc7dafba779c6c1a61cd08ac6583e9",
        "type": "github"
      },
      "original": {
        "owner": "hercules-ci",
        "repo": "flake-parts",
        "type": "github"
      }
    },
    "flake-parts_4": {
      "inputs": {
        "nixpkgs-lib": [
          "flake-skills",
          "nixpkgs"
        ]
      },
      "locked": {
        "lastModified": 1778716662,
        "narHash": "sha256-m1Yf0wZ8j1OHjTc2UwHwyQRSnNeSgLJOd7q5Y45hzi4=",
        "owner": "hercules-ci",
        "repo": "flake-parts",
        "rev": "f7c1a2d347e4c52d5fb8d10cb4d94b5884e546fb",
        "type": "github"
      },
      "original": {
        "owner": "hercules-ci",
        "repo": "flake-parts",
        "type": "github"
      }
    },
    "flake-parts_5": {
      "inputs": {
        "nixpkgs-lib": [
          "skillspkgs",
          "nixpkgs"
        ]
      },
      "locked": {
        "lastModified": 1778716662,
        "narHash": "sha256-m1Yf0wZ8j1OHjTc2UwHwyQRSnNeSgLJOd7q5Y45hzi4=",
        "owner": "hercules-ci",
        "repo": "flake-parts",
        "rev": "f7c1a2d347e4c52d5fb8d10cb4d94b5884e546fb",
        "type": "github"
      },
      "original": {
        "owner": "hercules-ci",
        "repo": "flake-parts",
        "type": "github"
      }
    },
    "flake-parts_6": {
      "inputs": {
        "nixpkgs-lib": [
          "skillspkgs",
          "nix-gstack",
          "nixpkgs"
        ]
      },
      "locked": {
        "lastModified": 1775087534,
        "narHash": "sha256-91qqW8lhL7TLwgQWijoGBbiD4t7/q75KTi8NxjVmSmA=",
        "owner": "hercules-ci",
        "repo": "flake-parts",
        "rev": "3107b77cd68437b9a76194f0f7f9c55f2329ca5b",
        "type": "github"
      },
      "original": {
        "owner": "hercules-ci",
        "repo": "flake-parts",
        "type": "github"
      }
    },
    "flake-parts_7": {
      "inputs": {
        "nixpkgs-lib": [
          "skillspkgs",
          "skills-git",
          "nixpkgs"
        ]
      },
      "locked": {
        "lastModified": 1778716662,
        "narHash": "sha256-m1Yf0wZ8j1OHjTc2UwHwyQRSnNeSgLJOd7q5Y45hzi4=",
        "owner": "hercules-ci",
        "repo": "flake-parts",
        "rev": "f7c1a2d347e4c52d5fb8d10cb4d94b5884e546fb",
        "type": "github"
      },
      "original": {
        "owner": "hercules-ci",
        "repo": "flake-parts",
        "type": "github"
      }
    },
    "flake-skills": {
      "inputs": {
        "devshell": "devshell_6",
        "flake-parts": "flake-parts_4",
        "nixpkgs": [
          "nixpkgs"
        ],
        "systems": "systems_3",
        "treefmt-nix": "treefmt-nix_3"
      },
      "locked": {
        "lastModified": 1780494642,
        "narHash": "sha256-1rxLFvBT+u4rqTkd+yAmgMAP7IlGmOOgm+/t8x5fE4w=",
        "owner": "nhooey",
        "repo": "flake-skills",
        "rev": "b265e22aca5fa5cbd529fe350bc6294d38cb1fa7",
        "type": "github"
      },
      "original": {
        "owner": "nhooey",
        "repo": "flake-skills",
        "type": "github"
      }
    },
    "flake-utils": {
      "inputs": {
        "systems": "systems_2"
      },
      "locked": {
        "lastModified": 1731533236,
        "narHash": "sha256-l0KFg5HjrsfsO/JpG+r7fRrqm12kzFHyUHqHCVpMMbI=",
        "owner": "numtide",
        "repo": "flake-utils",
        "rev": "11707dc2f618dd54ca8739b309ec4fc024de578b",
        "type": "github"
      },
      "original": {
        "owner": "numtide",
        "repo": "flake-utils",
        "type": "github"
      }
    },
    "flake-utils_2": {
      "inputs": {
        "systems": "systems_4"
      },
      "locked": {
        "lastModified": 1731533236,
        "narHash": "sha256-l0KFg5HjrsfsO/JpG+r7fRrqm12kzFHyUHqHCVpMMbI=",
        "owner": "numtide",
        "repo": "flake-utils",
        "rev": "11707dc2f618dd54ca8739b309ec4fc024de578b",
        "type": "github"
      },
      "original": {
        "owner": "numtide",
        "repo": "flake-utils",
        "type": "github"
      }
    },
    "gradle2nix": {
      "inputs": {
        "flake-utils": "flake-utils_2",
        "nixpkgs": [
          "nixpkgs"
        ]
      },
      "locked": {
        "lastModified": 1779349899,
        "narHash": "sha256-iPerUFE9USKA5DRPZVC7zdjHmpnjo0/wKs62VzpWz68=",
        "owner": "nhooey",
        "repo": "gradle2nix",
        "rev": "f6b3431617fb8c5a97e30ebaf44665f23f983bd2",
        "type": "github"
      },
      "original": {
        "owner": "nhooey",
        "ref": "v2_bugfix-remove-param-console-plain",
        "repo": "gradle2nix",
        "type": "github"
      }
    },
    "humanizer": {
      "inputs": {
        "flake-skills": [
          "skillspkgs",
          "skills-git",
          "flake-skills"
        ],
        "humanizer-src": "humanizer-src_2",
        "nixpkgs": [
          "skillspkgs",
          "skills-git",
          "nixpkgs"
        ]
      },
      "locked": {
        "dir": "pkgs/humanizer",
        "lastModified": 1780412305,
        "narHash": "sha256-lBB82R54LWB8iNKlNHPgAmqTc9zjm+V9/BQGHC2FuBE=",
        "owner": "nhooey",
        "repo": "skillspkgs",
        "rev": "ad0ac233d76c5189528a34f85c51da2be037c9f1",
        "type": "github"
      },
      "original": {
        "dir": "pkgs/humanizer",
        "owner": "nhooey",
        "repo": "skillspkgs",
        "type": "github"
      }
    },
    "humanizer-src": {
      "flake": false,
      "locked": {
        "lastModified": 1775020197,
        "narHash": "sha256-3yO13MKUK/zF36Sq+CACMM401BhtmYz5cZmC5FX4VQw=",
        "owner": "blader",
        "repo": "humanizer",
        "rev": "8b3a17889fbf12bedae20974a3c9f9de746ed754",
        "type": "github"
      },
      "original": {
        "owner": "blader",
        "repo": "humanizer",
        "type": "github"
      }
    },
    "humanizer-src_2": {
      "flake": false,
      "locked": {
        "lastModified": 1775020197,
        "narHash": "sha256-3yO13MKUK/zF36Sq+CACMM401BhtmYz5cZmC5FX4VQw=",
        "owner": "blader",
        "repo": "humanizer",
        "rev": "8b3a17889fbf12bedae20974a3c9f9de746ed754",
        "type": "github"
      },
      "original": {
        "owner": "blader",
        "repo": "humanizer",
        "type": "github"
      }
    },
    "nix-fetcher-data": {
      "inputs": {
        "flake-parts": "flake-parts_3",
        "nixpkgs": [
          "cljfmt",
          "clj-nix",
          "nixpkgs"
        ]
      },
      "locked": {
        "lastModified": 1728229178,
        "narHash": "sha256-p5Fx880uBYstIsbaDYN7sECJT11oHxZQKtHgMAVblWA=",
        "owner": "jlesquembre",
        "repo": "nix-fetcher-data",
        "rev": "f3a73c34d28db49ef90fd7872a142bfe93120e55",
        "type": "github"
      },
      "original": {
        "owner": "jlesquembre",
        "repo": "nix-fetcher-data",
        "type": "github"
      }
    },
    "nix-gstack": {
      "inputs": {
        "devshell": "devshell_8",
        "flake-parts": "flake-parts_6",
        "nixpkgs": [
          "skillspkgs",
          "nixpkgs"
        ],
        "systems": "systems_5",
        "treefmt-nix": "treefmt-nix_4"
      },
      "locked": {
        "lastModified": 1779376585,
        "narHash": "sha256-qYRgyQICFdxwDoHG3dsCZsYWRHbC+RYJ3KmkqztVPOA=",
        "owner": "nhooey",
        "repo": "nix-gstack",
        "rev": "e5b3522dddd8996c1b991a0c72ad73c7982396fd",
        "type": "github"
      },
      "original": {
        "owner": "nhooey",
        "repo": "nix-gstack",
        "type": "github"
      }
    },
    "nixpkgs": {
      "locked": {
        "lastModified": 1749285348,
        "narHash": "sha256-frdhQvPbmDYaScPFiCnfdh3B/Vh81Uuoo0w5TkWmmjU=",
        "owner": "NixOS",
        "repo": "nixpkgs",
        "rev": "3e3afe5174c561dee0df6f2c2b2236990146329f",
        "type": "github"
      },
      "original": {
        "owner": "NixOS",
        "ref": "nixos-unstable",
        "repo": "nixpkgs",
        "type": "github"
      }
    },
    "nixpkgs-lib": {
      "locked": {
        "lastModified": 1717284937,
        "narHash": "sha256-lIbdfCsf8LMFloheeE6N31+BMIeixqyQWbSr2vk79EQ=",
        "type": "tarball",
        "url": "https://github.com/NixOS/nixpkgs/archive/eb9ceca17df2ea50a250b6b27f7bf6ab0186f198.tar.gz"
      },
      "original": {
        "type": "tarball",
        "url": "https://github.com/NixOS/nixpkgs/archive/eb9ceca17df2ea50a250b6b27f7bf6ab0186f198.tar.gz"
      }
    },
    "nixpkgs_2": {
      "locked": {
        "lastModified": 1722073938,
        "narHash": "sha256-OpX0StkL8vpXyWOGUD6G+MA26wAXK6SpT94kLJXo6B4=",
        "owner": "NixOS",
        "repo": "nixpkgs",
        "rev": "e36e9f57337d0ff0cf77aceb58af4c805472bfae",
        "type": "github"
      },
      "original": {
        "owner": "NixOS",
        "ref": "nixpkgs-unstable",
        "repo": "nixpkgs",
        "type": "github"
      }
    },
    "nixpkgs_3": {
      "locked": {
        "lastModified": 1778869304,
        "narHash": "sha256-30sZNZoA1cqF5JNO9fVX+wgiQYjB7HJqqJ4ztCDeBZE=",
        "owner": "NixOS",
        "repo": "nixpkgs",
        "rev": "d233902339c02a9c334e7e593de68855ad26c4cb",
        "type": "github"
      },
      "original": {
        "owner": "NixOS",
        "ref": "nixos-unstable",
        "repo": "nixpkgs",
        "type": "github"
      }
    },
    "root": {
      "inputs": {
        "claffeinate": "claffeinate",
        "claude-in-nix-devshell": "claude-in-nix-devshell",
        "cljfmt": "cljfmt",
        "devshell": "devshell_5",
        "flake-skills": "flake-skills",
        "gradle2nix": "gradle2nix",
        "nixpkgs": "nixpkgs_3",
        "skillspkgs": "skillspkgs"
      }
    },
    "skill-creator": {
      "inputs": {
        "anthropics-skills-src": "anthropics-skills-src_2",
        "flake-skills": [
          "skillspkgs",
          "skills-git",
          "flake-skills"
        ],
        "nixpkgs": [
          "skillspkgs",
          "skills-git",
          "nixpkgs"
        ]
      },
      "locked": {
        "dir": "pkgs/skill-creator",
        "lastModified": 1780412305,
        "narHash": "sha256-lBB82R54LWB8iNKlNHPgAmqTc9zjm+V9/BQGHC2FuBE=",
        "owner": "nhooey",
        "repo": "skillspkgs",
        "rev": "ad0ac233d76c5189528a34f85c51da2be037c9f1",
        "type": "github"
      },
      "original": {
        "dir": "pkgs/skill-creator",
        "owner": "nhooey",
        "repo": "skillspkgs",
        "type": "github"
      }
    },
    "skills-git": {
      "inputs": {
        "devshell": "devshell_9",
        "flake-parts": "flake-parts_7",
        "flake-skills": [
          "skillspkgs",
          "flake-skills"
        ],
        "humanizer": "humanizer",
        "nixpkgs": [
          "skillspkgs",
          "nixpkgs"
        ],
        "skill-creator": "skill-creator",
        "skills-nix": "skills-nix",
        "superpowers": "superpowers",
        "systems": "systems_7",
        "treefmt-nix": "treefmt-nix_5"
      },
      "locked": {
        "lastModified": 1780422517,
        "narHash": "sha256-suwm7NKrm2GE/MZK8A6JCS3pbROUWHKrvgkaA3xl67A=",
        "owner": "nhooey",
        "repo": "skills-git",
        "rev": "4871f23ed0933b4034ab9671b1ff535234bd9c0b",
        "type": "github"
      },
      "original": {
        "owner": "nhooey",
        "repo": "skills-git",
        "type": "github"
      }
    },
    "skills-nix": {
      "inputs": {
        "flake-skills": [
          "skillspkgs",
          "skills-git",
          "flake-skills"
        ],
        "nixpkgs": [
          "skillspkgs",
          "skills-git",
          "nixpkgs"
        ],
        "systems": "systems_6"
      },
      "locked": {
        "lastModified": 1780422378,
        "narHash": "sha256-ss8Yk67B9B2WT0XRZoNLQ3mGtuXqZLpe63k2PUH1PT4=",
        "owner": "nhooey",
        "repo": "skills-nix",
        "rev": "2d4e437bc6e9b48076671fe4ed37ce8748e0adb4",
        "type": "github"
      },
      "original": {
        "owner": "nhooey",
        "repo": "skills-nix",
        "type": "github"
      }
    },
    "skills-nix_2": {
      "inputs": {
        "flake-skills": [
          "skillspkgs",
          "flake-skills"
        ],
        "nixpkgs": [
          "skillspkgs",
          "nixpkgs"
        ],
        "systems": "systems_8"
      },
      "locked": {
        "lastModified": 1780422378,
        "narHash": "sha256-ss8Yk67B9B2WT0XRZoNLQ3mGtuXqZLpe63k2PUH1PT4=",
        "owner": "nhooey",
        "repo": "skills-nix",
        "rev": "2d4e437bc6e9b48076671fe4ed37ce8748e0adb4",
        "type": "github"
      },
      "original": {
        "owner": "nhooey",
        "repo": "skills-nix",
        "type": "github"
      }
    },
    "skillspkgs": {
      "inputs": {
        "anthropics-skills-src": "anthropics-skills-src",
        "coding-agent-skills": "coding-agent-skills",
        "devshell": "devshell_7",
        "flake-parts": "flake-parts_5",
        "flake-skills": [
          "flake-skills"
        ],
        "humanizer-src": "humanizer-src",
        "nix-gstack": "nix-gstack",
        "nixpkgs": [
          "nixpkgs"
        ],
        "skills-git": "skills-git",
        "skills-nix": "skills-nix_2",
        "superpowers-src": "superpowers-src_2",
        "systems": "systems_9",
        "treefmt-nix": "treefmt-nix_6"
      },
      "locked": {
        "lastModified": 1780495770,
        "narHash": "sha256-Y/jBCJJmnaZ6DnnP8ZeBPbPHLg7Sao3fKx4b5S8DxnM=",
        "owner": "nhooey",
        "repo": "skillspkgs",
        "rev": "a7648e7c56188c4d5ab59e48ae7185b9541f1fa2",
        "type": "github"
      },
      "original": {
        "owner": "nhooey",
        "repo": "skillspkgs",
        "type": "github"
      }
    },
    "superpowers": {
      "inputs": {
        "flake-skills": [
          "skillspkgs",
          "skills-git",
          "flake-skills"
        ],
        "nixpkgs": [
          "skillspkgs",
          "skills-git",
          "nixpkgs"
        ],
        "superpowers-src": "superpowers-src"
      },
      "locked": {
        "dir": "pkgs/superpowers",
        "lastModified": 1780412305,
        "narHash": "sha256-lBB82R54LWB8iNKlNHPgAmqTc9zjm+V9/BQGHC2FuBE=",
        "owner": "nhooey",
        "repo": "skillspkgs",
        "rev": "ad0ac233d76c5189528a34f85c51da2be037c9f1",
        "type": "github"
      },
      "original": {
        "dir": "pkgs/superpowers",
        "owner": "nhooey",
        "repo": "skillspkgs",
        "type": "github"
      }
    },
    "superpowers-src": {
      "flake": false,
      "locked": {
        "lastModified": 1777932301,
        "narHash": "sha256-3E3rO6hR87JUfS3XV1Eaoz6SDWOftleWvN9UPNFEMjw=",
        "owner": "obra",
        "repo": "superpowers",
        "rev": "f2cbfbefebbfef77321e4c9abc9e949826bea9d7",
        "type": "github"
      },
      "original": {
        "owner": "obra",
        "repo": "superpowers",
        "type": "github"
      }
    },
    "superpowers-src_2": {
      "flake": false,
      "locked": {
        "lastModified": 1780085125,
        "narHash": "sha256-P/FD8HTQO+QzvMe3A/B2v2vjs8T6ZmIYH3MPp79dSzo=",
        "owner": "obra",
        "repo": "superpowers",
        "rev": "6fd4507659784c351abbd2bc264c7162cfd386dc",
        "type": "github"
      },
      "original": {
        "owner": "obra",
        "repo": "superpowers",
        "type": "github"
      }
    },
    "systems": {
      "locked": {
        "lastModified": 1681028828,
        "narHash": "sha256-Vy1rq5AaRuLzOxct8nz4T6wlgyUR7zLU309k9mBC768=",
        "owner": "nix-systems",
        "repo": "default",
        "rev": "da67096a3b9bf56a91d16901293e51ba5b49a27e",
        "type": "github"
      },
      "original": {
        "owner": "nix-systems",
        "repo": "default",
        "type": "github"
      }
    },
    "systems_2": {
      "locked": {
        "lastModified": 1681028828,
        "narHash": "sha256-Vy1rq5AaRuLzOxct8nz4T6wlgyUR7zLU309k9mBC768=",
        "owner": "nix-systems",
        "repo": "default",
        "rev": "da67096a3b9bf56a91d16901293e51ba5b49a27e",
        "type": "github"
      },
      "original": {
        "owner": "nix-systems",
        "repo": "default",
        "type": "github"
      }
    },
    "systems_3": {
      "locked": {
        "lastModified": 1681028828,
        "narHash": "sha256-Vy1rq5AaRuLzOxct8nz4T6wlgyUR7zLU309k9mBC768=",
        "owner": "nix-systems",
        "repo": "default",
        "rev": "da67096a3b9bf56a91d16901293e51ba5b49a27e",
        "type": "github"
      },
      "original": {
        "owner": "nix-systems",
        "repo": "default",
        "type": "github"
      }
    },
    "systems_4": {
      "locked": {
        "lastModified": 1681028828,
        "narHash": "sha256-Vy1rq5AaRuLzOxct8nz4T6wlgyUR7zLU309k9mBC768=",
        "owner": "nix-systems",
        "repo": "default",
        "rev": "da67096a3b9bf56a91d16901293e51ba5b49a27e",
        "type": "github"
      },
      "original": {
        "owner": "nix-systems",
        "repo": "default",
        "type": "github"
      }
    },
    "systems_5": {
      "locked": {
        "lastModified": 1681028828,
        "narHash": "sha256-Vy1rq5AaRuLzOxct8nz4T6wlgyUR7zLU309k9mBC768=",
        "owner": "nix-systems",
        "repo": "default",
        "rev": "da67096a3b9bf56a91d16901293e51ba5b49a27e",
        "type": "github"
      },
      "original": {
        "owner": "nix-systems",
        "repo": "default",
        "type": "github"
      }
    },
    "systems_6": {
      "locked": {
        "lastModified": 1681028828,
        "narHash": "sha256-Vy1rq5AaRuLzOxct8nz4T6wlgyUR7zLU309k9mBC768=",
        "owner": "nix-systems",
        "repo": "default",
        "rev": "da67096a3b9bf56a91d16901293e51ba5b49a27e",
        "type": "github"
      },
      "original": {
        "owner": "nix-systems",
        "repo": "default",
        "type": "github"
      }
    },
    "systems_7": {
      "locked": {
        "lastModified": 1681028828,
        "narHash": "sha256-Vy1rq5AaRuLzOxct8nz4T6wlgyUR7zLU309k9mBC768=",
        "owner": "nix-systems",
        "repo": "default",
        "rev": "da67096a3b9bf56a91d16901293e51ba5b49a27e",
        "type": "github"
      },
      "original": {
        "owner": "nix-systems",
        "repo": "default",
        "type": "github"
      }
    },
    "systems_8": {
      "locked": {
        "lastModified": 1681028828,
        "narHash": "sha256-Vy1rq5AaRuLzOxct8nz4T6wlgyUR7zLU309k9mBC768=",
        "owner": "nix-systems",
        "repo": "default",
        "rev": "da67096a3b9bf56a91d16901293e51ba5b49a27e",
        "type": "github"
      },
      "original": {
        "owner": "nix-systems",
        "repo": "default",
        "type": "github"
      }
    },
    "systems_9": {
      "locked": {
        "lastModified": 1681028828,
        "narHash": "sha256-Vy1rq5AaRuLzOxct8nz4T6wlgyUR7zLU309k9mBC768=",
        "owner": "nix-systems",
        "repo": "default",
        "rev": "da67096a3b9bf56a91d16901293e51ba5b49a27e",
        "type": "github"
      },
      "original": {
        "owner": "nix-systems",
        "repo": "default",
        "type": "github"
      }
    },
    "treefmt-nix": {
      "inputs": {
        "nixpkgs": [
          "claffeinate",
          "nixpkgs"
        ]
      },
      "locked": {
        "lastModified": 1775636079,
        "narHash": "sha256-pc20NRoMdiar8oPQceQT47UUZMBTiMdUuWrYu2obUP0=",
        "owner": "numtide",
        "repo": "treefmt-nix",
        "rev": "790751ff7fd3801feeaf96d7dc416a8d581265ba",
        "type": "github"
      },
      "original": {
        "owner": "numtide",
        "repo": "treefmt-nix",
        "type": "github"
      }
    },
    "treefmt-nix_2": {
      "inputs": {
        "nixpkgs": [
          "claude-in-nix-devshell",
          "nixpkgs"
        ]
      },
      "locked": {
        "lastModified": 1775636079,
        "narHash": "sha256-pc20NRoMdiar8oPQceQT47UUZMBTiMdUuWrYu2obUP0=",
        "owner": "numtide",
        "repo": "treefmt-nix",
        "rev": "790751ff7fd3801feeaf96d7dc416a8d581265ba",
        "type": "github"
      },
      "original": {
        "owner": "numtide",
        "repo": "treefmt-nix",
        "type": "github"
      }
    },
    "treefmt-nix_3": {
      "inputs": {
        "nixpkgs": [
          "flake-skills",
          "nixpkgs"
        ]
      },
      "locked": {
        "lastModified": 1780220602,
        "narHash": "sha256-eynAfOmbmxJnkp7YewvCEbShNnnYJ9gLLqkzsYtBPeM=",
        "owner": "numtide",
        "repo": "treefmt-nix",
        "rev": "db947814a175b7ca6ded66e21383d938df01c227",
        "type": "github"
      },
      "original": {
        "owner": "numtide",
        "repo": "treefmt-nix",
        "type": "github"
      }
    },
    "treefmt-nix_4": {
      "inputs": {
        "nixpkgs": [
          "skillspkgs",
          "nix-gstack",
          "nixpkgs"
        ]
      },
      "locked": {
        "lastModified": 1775636079,
        "narHash": "sha256-pc20NRoMdiar8oPQceQT47UUZMBTiMdUuWrYu2obUP0=",
        "owner": "numtide",
        "repo": "treefmt-nix",
        "rev": "790751ff7fd3801feeaf96d7dc416a8d581265ba",
        "type": "github"
      },
      "original": {
        "owner": "numtide",
        "repo": "treefmt-nix",
        "type": "github"
      }
    },
    "treefmt-nix_5": {
      "inputs": {
        "nixpkgs": [
          "skillspkgs",
          "skills-git",
          "nixpkgs"
        ]
      },
      "locked": {
        "lastModified": 1780220602,
        "narHash": "sha256-eynAfOmbmxJnkp7YewvCEbShNnnYJ9gLLqkzsYtBPeM=",
        "owner": "numtide",
        "repo": "treefmt-nix",
        "rev": "db947814a175b7ca6ded66e21383d938df01c227",
        "type": "github"
      },
      "original": {
        "owner": "numtide",
        "repo": "treefmt-nix",
        "type": "github"
      }
    },
    "treefmt-nix_6": {
      "inputs": {
        "nixpkgs": [
          "skillspkgs",
          "nixpkgs"
        ]
      },
      "locked": {
        "lastModified": 1780220602,
        "narHash": "sha256-eynAfOmbmxJnkp7YewvCEbShNnnYJ9gLLqkzsYtBPeM=",
        "owner": "numtide",
        "repo": "treefmt-nix",
        "rev": "db947814a175b7ca6ded66e21383d938df01c227",
        "type": "github"
      },
      "original": {
        "owner": "numtide",
        "repo": "treefmt-nix",
        "type": "github"
      }
    }
  },
  "root": "root",
  "version": 7
}
